
Microsoft Visual Studio Solution File, Format Version 12.00
# Visual Studio Version 17
VisualStudioVersion = 17.13.35828.75 d17.13
MinimumVisualStudioVersion = 10.0.40219.1
Project("{FAE04EC0-301F-11D3-BF4B-00C04F79EFBC}") = "Dictionary", "Dictionary\Dictionary.csproj", "{EE19442B-6E65-41D1-AF5A-56784F697ADA}"
EndProject
Global
	GlobalSection(SolutionConfigurationPlatforms) = preSolution
		Debug|Any CPU = Debug|Any CPU
		Release|Any CPU = Release|Any CPU
	EndGlobalSection
	GlobalSection(ProjectConfigurationPlatforms) = postSolution
		{EE19442B-6E65-41D1-AF5A-56784F697ADA}.Debug|Any CPU.ActiveCfg = Debug|Any CPU
		{EE19442B-6E65-41D1-AF5A-56784F697ADA}.Debug|Any CPU.Build.0 = Debug|Any CPU
		{EE19442B-6E65-41D1-AF5A-56784F697ADA}.Release|Any CPU.ActiveCfg = Release|Any CPU
		{EE19442B-6E65-41D1-AF5A-56784F697ADA}.Release|Any CPU.Build.0 = Release|Any CPU
	EndGlobalSection
	GlobalSection(SolutionProperties) = preSolution
		HideSolutionNode = FALSE
	EndGlobalSection
	GlobalSection(ExtensibilityGlobals) = postSolution
		SolutionGuid = {97352216-1056-43EE-8666-0DBE2A6DC9FD}
	EndGlobalSection
EndGlobal
