
Microsoft Visual Studio Solution File, Format Version 12.00
# Visual Studio Version 17
VisualStudioVersion = 17.13.35828.75 d17.13
MinimumVisualStudioVersion = 10.0.40219.1
Project("{FAE04EC0-301F-11D3-BF4B-00C04F79EFBC}") = "Inheritance", "Inheritance\Inheritance.csproj", "{68E8F8B9-77CD-466C-A102-F4AC201BDABC}"
EndProject
Global
	GlobalSection(SolutionConfigurationPlatforms) = preSolution
		Debug|Any CPU = Debug|Any CPU
		Release|Any CPU = Release|Any CPU
	EndGlobalSection
	GlobalSection(ProjectConfigurationPlatforms) = postSolution
		{68E8F8B9-77CD-466C-A102-F4AC201BDABC}.Debug|Any CPU.ActiveCfg = Debug|Any CPU
		{68E8F8B9-77CD-466C-A102-F4AC201BDABC}.Debug|Any CPU.Build.0 = Debug|Any CPU
		{68E8F8B9-77CD-466C-A102-F4AC201BDABC}.Release|Any CPU.ActiveCfg = Release|Any CPU
		{68E8F8B9-77CD-466C-A102-F4AC201BDABC}.Release|Any CPU.Build.0 = Release|Any CPU
	EndGlobalSection
	GlobalSection(SolutionProperties) = preSolution
		HideSolutionNode = FALSE
	EndGlobalSection
	GlobalSection(ExtensibilityGlobals) = postSolution
		SolutionGuid = {2F075760-96AF-4066-BDEC-65614521D86E}
	EndGlobalSection
EndGlobal
