
Microsoft Visual Studio Solution File, Format Version 12.00
# Visual Studio Version 17
VisualStudioVersion = 17.14.36414.22 d17.14
MinimumVisualStudioVersion = 10.0.40219.1
Project("{FAE04EC0-301F-11D3-BF4B-00C04F79EFBC}") = "Encapsulation", "Encapsulation\Encapsulation.csproj", "{55499B78-059A-4733-8281-33F984C22E11}"
EndProject
Project("{FAE04EC0-301F-11D3-BF4B-00C04F79EFBC}") = "Encapsulation.Service", "Encapsulation.Service\Encapsulation.Service.csproj", "{818D0A5E-40C7-4976-86B4-17D354E854BE}"
EndProject
Global
	GlobalSection(SolutionConfigurationPlatforms) = preSolution
		Debug|Any CPU = Debug|Any CPU
		Release|Any CPU = Release|Any CPU
	EndGlobalSection
	GlobalSection(ProjectConfigurationPlatforms) = postSolution
		{55499B78-059A-4733-8281-33F984C22E11}.Debug|Any CPU.ActiveCfg = Debug|Any CPU
		{55499B78-059A-4733-8281-33F984C22E11}.Debug|Any CPU.Build.0 = Debug|Any CPU
		{55499B78-059A-4733-8281-33F984C22E11}.Release|Any CPU.ActiveCfg = Release|Any CPU
		{55499B78-059A-4733-8281-33F984C22E11}.Release|Any CPU.Build.0 = Release|Any CPU
		{818D0A5E-40C7-4976-86B4-17D354E854BE}.Debug|Any CPU.ActiveCfg = Debug|Any CPU
		{818D0A5E-40C7-4976-86B4-17D354E854BE}.Debug|Any CPU.Build.0 = Debug|Any CPU
		{818D0A5E-40C7-4976-86B4-17D354E854BE}.Release|Any CPU.ActiveCfg = Release|Any CPU
		{818D0A5E-40C7-4976-86B4-17D354E854BE}.Release|Any CPU.Build.0 = Release|Any CPU
	EndGlobalSection
	GlobalSection(SolutionProperties) = preSolution
		HideSolutionNode = FALSE
	EndGlobalSection
	GlobalSection(ExtensibilityGlobals) = postSolution
		SolutionGuid = {106B6C85-EB5C-4138-AA50-A064F11C837A}
	EndGlobalSection
EndGlobal
