
Microsoft Visual Studio Solution File, Format Version 12.00
# Visual Studio Version 17
VisualStudioVersion = 17.13.35828.75 d17.13
MinimumVisualStudioVersion = 10.0.40219.1
Project("{FAE04EC0-301F-11D3-BF4B-00C04F79EFBC}") = "LinqAllAny", "LinqAllAny.csproj", "{DF3601CB-7722-4BCF-BCEE-4D1C16788927}"
EndProject
Global
	GlobalSection(SolutionConfigurationPlatforms) = preSolution
		Debug|Any CPU = Debug|Any CPU
		Release|Any CPU = Release|Any CPU
	EndGlobalSection
	GlobalSection(ProjectConfigurationPlatforms) = postSolution
		{DF3601CB-7722-4BCF-BCEE-4D1C16788927}.Debug|Any CPU.ActiveCfg = Debug|Any CPU
		{DF3601CB-7722-4BCF-BCEE-4D1C16788927}.Debug|Any CPU.Build.0 = Debug|Any CPU
		{DF3601CB-7722-4BCF-BCEE-4D1C16788927}.Release|Any CPU.ActiveCfg = Release|Any CPU
		{DF3601CB-7722-4BCF-BCEE-4D1C16788927}.Release|Any CPU.Build.0 = Release|Any CPU
	EndGlobalSection
	GlobalSection(SolutionProperties) = preSolution
		HideSolutionNode = FALSE
	EndGlobalSection
	GlobalSection(ExtensibilityGlobals) = postSolution
		SolutionGuid = {02A790E0-BB04-4360-B284-DAC83F016539}
	EndGlobalSection
EndGlobal
