
Microsoft Visual Studio Solution File, Format Version 12.00
# Visual Studio Version 17
VisualStudioVersion = 17.13.35828.75 d17.13
MinimumVisualStudioVersion = 10.0.40219.1
Project("{FAE04EC0-301F-11D3-BF4B-00C04F79EFBC}") = "LinqTakeSkip", "LinqTakeSkip\LinqTakeSkip.csproj", "{FB7889E2-CF57-41E0-BF83-8EDFC714C3E5}"
EndProject
Global
	GlobalSection(SolutionConfigurationPlatforms) = preSolution
		Debug|Any CPU = Debug|Any CPU
		Release|Any CPU = Release|Any CPU
	EndGlobalSection
	GlobalSection(ProjectConfigurationPlatforms) = postSolution
		{FB7889E2-CF57-41E0-BF83-8EDFC714C3E5}.Debug|Any CPU.ActiveCfg = Debug|Any CPU
		{FB7889E2-CF57-41E0-BF83-8EDFC714C3E5}.Debug|Any CPU.Build.0 = Debug|Any CPU
		{FB7889E2-CF57-41E0-BF83-8EDFC714C3E5}.Release|Any CPU.ActiveCfg = Release|Any CPU
		{FB7889E2-CF57-41E0-BF83-8EDFC714C3E5}.Release|Any CPU.Build.0 = Release|Any CPU
	EndGlobalSection
	GlobalSection(SolutionProperties) = preSolution
		HideSolutionNode = FALSE
	EndGlobalSection
	GlobalSection(ExtensibilityGlobals) = postSolution
		SolutionGuid = {D3EBBEF7-1B38-47D1-A679-8808D6C67AFD}
	EndGlobalSection
EndGlobal
