
Microsoft Visual Studio Solution File, Format Version 12.00
# Visual Studio Version 17
VisualStudioVersion = 17.13.35828.75 d17.13
MinimumVisualStudioVersion = 10.0.40219.1
Project("{FAE04EC0-301F-11D3-BF4B-00C04F79EFBC}") = "ArraySortNames", "ArraySortNames\ArraySortNames.csproj", "{0BC9B092-7636-4E5F-B8F4-CC44D985C598}"
EndProject
Global
	GlobalSection(SolutionConfigurationPlatforms) = preSolution
		Debug|Any CPU = Debug|Any CPU
		Release|Any CPU = Release|Any CPU
	EndGlobalSection
	GlobalSection(ProjectConfigurationPlatforms) = postSolution
		{0BC9B092-7636-4E5F-B8F4-CC44D985C598}.Debug|Any CPU.ActiveCfg = Debug|Any CPU
		{0BC9B092-7636-4E5F-B8F4-CC44D985C598}.Debug|Any CPU.Build.0 = Debug|Any CPU
		{0BC9B092-7636-4E5F-B8F4-CC44D985C598}.Release|Any CPU.ActiveCfg = Release|Any CPU
		{0BC9B092-7636-4E5F-B8F4-CC44D985C598}.Release|Any CPU.Build.0 = Release|Any CPU
	EndGlobalSection
	GlobalSection(SolutionProperties) = preSolution
		HideSolutionNode = FALSE
	EndGlobalSection
	GlobalSection(ExtensibilityGlobals) = postSolution
		SolutionGuid = {D3E310FF-20A2-4301-8D37-8151DE3EA3AE}
	EndGlobalSection
EndGlobal
