
Microsoft Visual Studio Solution File, Format Version 12.00
# Visual Studio Version 17
VisualStudioVersion = 17.13.35828.75 d17.13
MinimumVisualStudioVersion = 10.0.40219.1
Project("{FAE04EC0-301F-11D3-BF4B-00C04F79EFBC}") = "RegEx", "RegEx\RegEx.csproj", "{0193C23C-CCEC-4FD7-9F03-658B5CCE0638}"
EndProject
Global
	GlobalSection(SolutionConfigurationPlatforms) = preSolution
		Debug|Any CPU = Debug|Any CPU
		Release|Any CPU = Release|Any CPU
	EndGlobalSection
	GlobalSection(ProjectConfigurationPlatforms) = postSolution
		{0193C23C-CCEC-4FD7-9F03-658B5CCE0638}.Debug|Any CPU.ActiveCfg = Debug|Any CPU
		{0193C23C-CCEC-4FD7-9F03-658B5CCE0638}.Debug|Any CPU.Build.0 = Debug|Any CPU
		{0193C23C-CCEC-4FD7-9F03-658B5CCE0638}.Release|Any CPU.ActiveCfg = Release|Any CPU
		{0193C23C-CCEC-4FD7-9F03-658B5CCE0638}.Release|Any CPU.Build.0 = Release|Any CPU
	EndGlobalSection
	GlobalSection(SolutionProperties) = preSolution
		HideSolutionNode = FALSE
	EndGlobalSection
	GlobalSection(ExtensibilityGlobals) = postSolution
		SolutionGuid = {5E4B8F74-2AED-4F10-8112-7BC22744EE5E}
	EndGlobalSection
EndGlobal
